<?xml version="1.0" encoding="utf-8"?>
<Project ToolsVersion="4.0" xmlns="http://schemas.microsoft.com/developer/msbuild/2003">
  <ItemGroup>
    <Filter Include="소스 파일">
      <UniqueIdentifier>{4FC737F1-C7A5-4376-A066-2A32D752A2FF}</UniqueIdentifier>
      <Extensions>cpp;c;cc;cxx;def;odl;idl;hpj;bat;asm;asmx</Extensions>
    </Filter>
    <Filter Include="헤더 파일">
      <UniqueIdentifier>{93995380-89BD-4b04-88EB-625FBE52EBFB}</UniqueIdentifier>
      <Extensions>h;hh;hpp;hxx;hm;inl;inc;ipp;xsd</Extensions>
    </Filter>
    <Filter Include="리소스 파일">
      <UniqueIdentifier>{67DA6AB6-F800-4c08-8B7A-83BB121AAD01}</UniqueIdentifier>
      <Extensions>rc;ico;cur;bmp;dlg;rc2;rct;bin;rgs;gif;jpg;jpeg;jpe;resx;tiff;tif;png;wav;mfcribbon-ms</Extensions>
    </Filter>
  </ItemGroup>
  <ItemGroup>
    <ClCompile Include="완주하지 못한 선수.cpp">
      <Filter>소스 파일</Filter>
    </ClCompile>
    <ClCompile Include="탑.cpp">
      <Filter>소스 파일</Filter>
    </ClCompile>
    <ClCompile Include="다리를 지나는 트럭.cpp">
      <Filter>소스 파일</Filter>
    </ClCompile>
    <ClCompile Include="가장 큰 수.cpp">
      <Filter>소스 파일</Filter>
    </ClCompile>
    <ClCompile Include="H-Index.cpp">
      <Filter>소스 파일</Filter>
    </ClCompile>
    <ClCompile Include="2 X N 타일링.cpp">
      <Filter>소스 파일</Filter>
    </ClCompile>
    <ClCompile Include="2016년.cpp">
      <Filter>소스 파일</Filter>
    </ClCompile>
    <ClCompile Include="가운데 글자 가져오기.cpp">
      <Filter>소스 파일</Filter>
    </ClCompile>
    <ClCompile Include="미완 체육복.cpp">
      <Filter>소스 파일</Filter>
    </ClCompile>
    <ClCompile Include="숫자 야구.cpp">
      <Filter>소스 파일</Filter>
    </ClCompile>
    <ClCompile Include="모의고사.cpp">
      <Filter>소스 파일</Filter>
    </ClCompile>
    <ClCompile Include="완주하지 못한 선수(HashTable).cpp">
      <Filter>소스 파일</Filter>
    </ClCompile>
    <ClCompile Include="체육복.cpp">
      <Filter>소스 파일</Filter>
    </ClCompile>
    <ClCompile Include="큰 수 만들기.cpp">
      <Filter>소스 파일</Filter>
    </ClCompile>
    <ClCompile Include="더 맵게.cpp">
      <Filter>소스 파일</Filter>
    </ClCompile>
    <ClCompile Include="전화번호 목록.cpp">
      <Filter>소스 파일</Filter>
    </ClCompile>
    <ClCompile Include="위장.cpp">
      <Filter>소스 파일</Filter>
    </ClCompile>
    <ClCompile Include="소수 찾기.cpp">
      <Filter>소스 파일</Filter>
    </ClCompile>
  </ItemGroup>
</Project>